<?xml version="1.0" encoding="utf-8"?>
<Project ToolsVersion="4.0" xmlns="http://schemas.microsoft.com/developer/msbuild/2003">
  <ItemGroup>
    <Filter Include="ソース ファイル">
      <UniqueIdentifier>{4FC737F1-C7A5-4376-A066-2A32D752A2FF}</UniqueIdentifier>
      <Extensions>cpp;c;cc;cxx;c++;cppm;ixx;def;odl;idl;hpj;bat;asm;asmx</Extensions>
    </Filter>
    <Filter Include="ヘッダー ファイル">
      <UniqueIdentifier>{93995380-89BD-4b04-88EB-625FBE52EBFB}</UniqueIdentifier>
      <Extensions>h;hh;hpp;hxx;h++;hm;inl;inc;ipp;xsd</Extensions>
    </Filter>
    <Filter Include="リソース ファイル">
      <UniqueIdentifier>{67DA6AB6-F800-4c08-8B7A-83BB121AAD01}</UniqueIdentifier>
      <Extensions>rc;ico;cur;bmp;dlg;rc2;rct;bin;rgs;gif;jpg;jpeg;jpe;resx;tiff;tif;png;wav;mfcribbon-ms</Extensions>
    </Filter>
    <Filter Include="ソース ファイル\MainGame.cpp">
      <UniqueIdentifier>{096e48dc-a384-4d80-aa23-7ea34bbd26f8}</UniqueIdentifier>
    </Filter>
    <Filter Include="ソース ファイル\Basic.cpp">
      <UniqueIdentifier>{82ffaf71-7444-42f2-8305-8f42941c71a8}</UniqueIdentifier>
    </Filter>
    <Filter Include="ヘッダー ファイル\Basic.h">
      <UniqueIdentifier>{f709e651-28d3-43b5-8e2f-d33be1852fb2}</UniqueIdentifier>
    </Filter>
    <Filter Include="ヘッダー ファイル\MainGame.h">
      <UniqueIdentifier>{b44f3b4c-fb70-4424-ac5b-6cb37bf2277d}</UniqueIdentifier>
    </Filter>
    <Filter Include="ヘッダー ファイル\Scene.h">
      <UniqueIdentifier>{b6804d38-88b4-4d34-a5c0-6e4a4223a6a3}</UniqueIdentifier>
    </Filter>
    <Filter Include="ソース ファイル\MainGame.cpp\Title">
      <UniqueIdentifier>{a3c9e030-90b9-4d2a-b79f-cbbade18e216}</UniqueIdentifier>
    </Filter>
    <Filter Include="ソース ファイル\MainGame.cpp\Game">
      <UniqueIdentifier>{de2d2c82-1ea9-4c53-910b-fb316e37dfb5}</UniqueIdentifier>
    </Filter>
    <Filter Include="ソース ファイル\説明用">
      <UniqueIdentifier>{7de196b9-552e-4b9a-8035-80987cdfebd3}</UniqueIdentifier>
    </Filter>
    <Filter Include="ヘッダー ファイル\MainGame.h\Title">
      <UniqueIdentifier>{438e96cb-baf1-4392-9e8e-28545da49e82}</UniqueIdentifier>
    </Filter>
    <Filter Include="ヘッダー ファイル\MainGame.h\Game">
      <UniqueIdentifier>{340d328d-d4f8-4390-bbd8-95fc9b005f88}</UniqueIdentifier>
    </Filter>
    <Filter Include="ヘッダー ファイル\Camera">
      <UniqueIdentifier>{607e85af-b4d9-4019-85a9-8298b47fe5bd}</UniqueIdentifier>
    </Filter>
    <Filter Include="ソース ファイル\Camera">
      <UniqueIdentifier>{659835f4-3f12-4a46-89c1-ee7fa7cbbd7c}</UniqueIdentifier>
    </Filter>
    <Filter Include="ソース ファイル\Sound">
      <UniqueIdentifier>{fa125cbf-3aa5-4827-9e79-bd00698bed73}</UniqueIdentifier>
    </Filter>
    <Filter Include="ヘッダー ファイル\Sound">
      <UniqueIdentifier>{df541632-ee86-45fb-9e9c-ece88ce4a3db}</UniqueIdentifier>
    </Filter>
    <Filter Include="ソース ファイル\Timer">
      <UniqueIdentifier>{d338b84e-9e02-448d-9dc4-856ee2eb3b11}</UniqueIdentifier>
    </Filter>
    <Filter Include="ヘッダー ファイル\Timer">
      <UniqueIdentifier>{5f02ec90-61cc-428d-97c9-77c15c4a8c75}</UniqueIdentifier>
    </Filter>
    <Filter Include="ソース ファイル\Pause">
      <UniqueIdentifier>{b20beba8-3fbf-4490-a41a-53ee8e501e7c}</UniqueIdentifier>
    </Filter>
    <Filter Include="ヘッダー ファイル\Pause">
      <UniqueIdentifier>{da882388-fe43-40b7-9e35-2b01c223711c}</UniqueIdentifier>
    </Filter>
    <Filter Include="ソース ファイル\Scene.cpp">
      <UniqueIdentifier>{13d1d8fe-b9a1-4d9c-b872-8ec553488ed2}</UniqueIdentifier>
    </Filter>
    <Filter Include="ソース ファイル\MainGame.cpp\Select">
      <UniqueIdentifier>{32fd880c-9b4b-4ca2-b648-a92efdf13ad4}</UniqueIdentifier>
    </Filter>
    <Filter Include="ヘッダー ファイル\MainGame.h\Select">
      <UniqueIdentifier>{b359deca-131c-421c-9909-934dab6771a3}</UniqueIdentifier>
    </Filter>
    <Filter Include="ヘッダー ファイル\CSVMapLoader">
      <UniqueIdentifier>{ff3af761-da01-499e-b069-9dd7504d85f9}</UniqueIdentifier>
    </Filter>
    <Filter Include="ソース ファイル\CSVMapLoader">
      <UniqueIdentifier>{da3398bc-d525-47f9-9531-50e21b3e5b51}</UniqueIdentifier>
    </Filter>
    <Filter Include="ソース ファイル\MainGame.cpp\Load">
      <UniqueIdentifier>{77064598-bc82-4ad2-b8a5-c8ebd2f77cc6}</UniqueIdentifier>
    </Filter>
    <Filter Include="ヘッダー ファイル\MainGame.h\Load">
      <UniqueIdentifier>{ea05faef-124f-40b9-bd64-fc9c4be24943}</UniqueIdentifier>
    </Filter>
    <Filter Include="ソース ファイル\MainGame.cpp\Test">
      <UniqueIdentifier>{198bfec9-f5b7-4d78-85d1-2475053e1f1f}</UniqueIdentifier>
    </Filter>
    <Filter Include="ソース ファイル\MainGame.cpp\Game\Block">
      <UniqueIdentifier>{bff20a2d-e3b4-4be7-b882-37e1e46881ed}</UniqueIdentifier>
    </Filter>
    <Filter Include="ヘッダー ファイル\MainGame.h\Game\Block">
      <UniqueIdentifier>{973011b5-63ab-4c5c-8d6a-ab500f9e339e}</UniqueIdentifier>
    </Filter>
    <Filter Include="ヘッダー ファイル\MainGame.h\Test">
      <UniqueIdentifier>{77881f49-5354-4add-859e-128200ed5c4b}</UniqueIdentifier>
    </Filter>
  </ItemGroup>
  <ItemGroup>
    <ClCompile Include="Code\06_Scene\Scene.cpp">
      <Filter>ソース ファイル\Scene.cpp</Filter>
    </ClCompile>
    <ClCompile Include="Code\01_Direct3D\direct3d.cpp">
      <Filter>ソース ファイル\Basic.cpp</Filter>
    </ClCompile>
    <ClCompile Include="Code\03_GameMainFile\Application.cpp">
      <Filter>ソース ファイル\Basic.cpp</Filter>
    </ClCompile>
    <ClCompile Include="Code\03_GameMainFile\main.cpp">
      <Filter>ソース ファイル\Basic.cpp</Filter>
    </ClCompile>
    <ClCompile Include="Code\01_Direct3D\Object.cpp">
      <Filter>ソース ファイル\Basic.cpp</Filter>
    </ClCompile>
    <ClCompile Include="Code\05_WICTextureLoader\WICTextureLoader.cpp">
      <Filter>ソース ファイル\Basic.cpp</Filter>
    </ClCompile>
    <ClCompile Include="Code\ReadMeText.cpp">
      <Filter>ソース ファイル\説明用</Filter>
    </ClCompile>
    <ClCompile Include="Code\03_GameMainFile\Title\TitleScene.cpp">
      <Filter>ソース ファイル\MainGame.cpp\Title</Filter>
    </ClCompile>
    <ClCompile Include="Code\03_GameMainFile\Game\GameScene.cpp">
      <Filter>ソース ファイル\MainGame.cpp\Game</Filter>
    </ClCompile>
    <ClCompile Include="Code\03_GameMainFile\Game\GameBackGround.cpp">
      <Filter>ソース ファイル\MainGame.cpp\Game</Filter>
    </ClCompile>
    <ClCompile Include="Code\03_GameMainFile\Game\GameCamera.cpp">
      <Filter>ソース ファイル\MainGame.cpp\Game</Filter>
    </ClCompile>
    <ClCompile Include="Code\03_GameMainFile\Game\GamePointer.cpp">
      <Filter>ソース ファイル\MainGame.cpp\Game</Filter>
    </ClCompile>
    <ClCompile Include="Code\03_GameMainFile\Title\TitleBackGround.cpp">
      <Filter>ソース ファイル\MainGame.cpp\Title</Filter>
    </ClCompile>
    <ClCompile Include="Code\03_GameMainFile\Title\TitleCamera.cpp">
      <Filter>ソース ファイル\MainGame.cpp\Title</Filter>
    </ClCompile>
    <ClCompile Include="Code\07_Camera\Camera.cpp">
      <Filter>ソース ファイル\Camera</Filter>
    </ClCompile>
    <ClCompile Include="Code\07_Camera\CameraManager.cpp">
      <Filter>ソース ファイル\Camera</Filter>
    </ClCompile>
    <ClCompile Include="Code\09_Sound\sound.cpp">
      <Filter>ソース ファイル\Sound</Filter>
    </ClCompile>
    <ClCompile Include="Code\03_GameMainFile\Math.cpp">
      <Filter>ソース ファイル\MainGame.cpp</Filter>
    </ClCompile>
    <ClCompile Include="Code\03_GameMainFile\RigidBody.cpp">
      <Filter>ソース ファイル\MainGame.cpp</Filter>
    </ClCompile>
    <ClCompile Include="Code\02_Input\input.cpp">
      <Filter>ソース ファイル\Basic.cpp</Filter>
    </ClCompile>
    <ClCompile Include="Code\10_Timer\Timer.cpp">
      <Filter>ソース ファイル\Timer</Filter>
    </ClCompile>
    <ClCompile Include="Code\11_Pause\pause.cpp">
      <Filter>ソース ファイル\Pause</Filter>
    </ClCompile>
    <ClCompile Include="Code\08_Collider\Base_collision.cpp">
      <Filter>ソース ファイル</Filter>
    </ClCompile>
    <ClCompile Include="Code\08_Collider\BoxCollider.cpp">
      <Filter>ソース ファイル</Filter>
    </ClCompile>
    <ClCompile Include="Code\08_Collider\CircleCollider.cpp">
      <Filter>ソース ファイル</Filter>
    </ClCompile>
    <ClCompile Include="Code\03_GameMainFile\Select\SelectScene.cpp">
      <Filter>ソース ファイル\MainGame.cpp\Select</Filter>
    </ClCompile>
    <ClCompile Include="Code\12_CSVMapLoader\CSVMapLoader.cpp">
      <Filter>ソース ファイル\CSVMapLoader</Filter>
    </ClCompile>
    <ClCompile Include="Code\02_Input\miyoshi_input\ControllerInput.cpp">
      <Filter>ソース ファイル\Basic.cpp</Filter>
    </ClCompile>
    <ClCompile Include="Code\03_GameMainFile\Game\Gimmick\Snowman.cpp">
      <Filter>ソース ファイル</Filter>
    </ClCompile>
    <ClCompile Include="Code\03_GameMainFile\Game\Gimmick\Stone.cpp">
      <Filter>ソース ファイル</Filter>
    </ClCompile>
    <ClCompile Include="Code\03_GameMainFile\StageSelectScene\StageSelectScene.cpp">
      <Filter>ソース ファイル\MainGame.cpp\Select</Filter>
    </ClCompile>
    <ClCompile Include="Code\03_GameMainFile\Test\TestScene_You.cpp">
      <Filter>ソース ファイル\MainGame.cpp\Test</Filter>
    </ClCompile>
    <ClCompile Include="Code\03_GameMainFile\Title\TitleBackgroundPAB.cpp">
      <Filter>ソース ファイル\MainGame.cpp\Title</Filter>
    </ClCompile>
    <ClCompile Include="Code\03_GameMainFile\Title\TitleLogo.cpp">
      <Filter>ソース ファイル\MainGame.cpp\Title</Filter>
    </ClCompile>
    <ClCompile Include="Code\13_Effect\FadeEffect.cpp">
      <Filter>ソース ファイル\Basic.cpp</Filter>
    </ClCompile>
    <ClCompile Include="Code\03_GameMainFile\Load\LoadBackGround.cpp">
      <Filter>ソース ファイル\MainGame.cpp\Load</Filter>
    </ClCompile>
    <ClCompile Include="Code\03_GameMainFile\Load\LoadScene.cpp">
      <Filter>ソース ファイル\MainGame.cpp\Load</Filter>
    </ClCompile>
    <ClCompile Include="Code\03_GameMainFile\Select\SelectBackGround.cpp">
      <Filter>ソース ファイル\MainGame.cpp\Select</Filter>
    </ClCompile>
    <ClCompile Include="Code\03_GameMainFile\Select\World_UI.cpp">
      <Filter>ソース ファイル\MainGame.cpp\Select</Filter>
    </ClCompile>
    <ClCompile Include="Code\03_GameMainFile\Select\Stage1UI.cpp">
      <Filter>ソース ファイル\MainGame.cpp\Select</Filter>
    </ClCompile>
    <ClCompile Include="Code\03_GameMainFile\Select\Stage2UI.cpp">
      <Filter>ソース ファイル\MainGame.cpp\Select</Filter>
    </ClCompile>
    <ClCompile Include="Code\03_GameMainFile\Select\Stage3UI.cpp">
      <Filter>ソース ファイル\MainGame.cpp\Select</Filter>
    </ClCompile>
    <ClCompile Include="Code\03_GameMainFile\Select\Stage4UI.cpp">
      <Filter>ソース ファイル\MainGame.cpp\Select</Filter>
    </ClCompile>
    <ClCompile Include="Code\03_GameMainFile\Select\SelectCursorL.cpp">
      <Filter>ソース ファイル\MainGame.cpp\Select</Filter>
    </ClCompile>
    <ClCompile Include="Code\03_GameMainFile\Select\SelectPlayer.cpp">
      <Filter>ソース ファイル\MainGame.cpp\Select</Filter>
    </ClCompile>
    <ClCompile Include="Code\03_GameMainFile\Select\SelectCursorR.cpp">
      <Filter>ソース ファイル</Filter>
    </ClCompile>
    <ClCompile Include="Code\03_GameMainFile\Title\TeamLogo.cpp">
      <Filter>ソース ファイル\MainGame.cpp\Title</Filter>
    </ClCompile>
    <ClCompile Include="Code\03_GameMainFile\Game\BreakBlock.cpp">
      <Filter>ソース ファイル\MainGame.cpp\Game</Filter>
    </ClCompile>
    <ClCompile Include="Code\06_Scene\TestSceneNishiguchi.cpp">
      <Filter>ソース ファイル</Filter>
    </ClCompile>
    <ClCompile Include="Code\03_GameMainFile\Game\Gimmick\Floor.cpp">
      <Filter>ソース ファイル\MainGame.cpp\Game</Filter>
    </ClCompile>
    <ClCompile Include="Code\03_GameMainFile\Test\TestPointer.cpp">
      <Filter>ソース ファイル\MainGame.cpp\Test</Filter>
    </ClCompile>
    <ClCompile Include="Code\03_GameMainFile\Game\Stage1-1Scene.cpp">
      <Filter>ソース ファイル\MainGame.cpp\Game</Filter>
    </ClCompile>
    <ClCompile Include="Code\03_GameMainFile\Game\Stage1-2Scene.cpp">
      <Filter>ソース ファイル\MainGame.cpp\Game</Filter>
    </ClCompile>
    <ClCompile Include="Code\03_GameMainFile\Game\StageExplanation.cpp">
      <Filter>ソース ファイル\MainGame.cpp\Game</Filter>
    </ClCompile>
    <ClCompile Include="Code\03_GameMainFile\Select\SelectTitleBackUI.cpp">
      <Filter>ソース ファイル\MainGame.cpp\Select</Filter>
    </ClCompile>
    <ClCompile Include="Code\03_GameMainFile\Load\LoadBackgroundPAB.cpp">
      <Filter>ソース ファイル\MainGame.cpp\Load</Filter>
    </ClCompile>
    <ClCompile Include="Code\11_Pause\PauseCursor.cpp">
      <Filter>ソース ファイル\Pause</Filter>
    </ClCompile>
    <ClCompile Include="Code\11_Pause\PauseUI.cpp">
      <Filter>ソース ファイル\Pause</Filter>
    </ClCompile>
    <ClCompile Include="Code\03_GameMainFile\Game\PauseBackGround.cpp">
      <Filter>ソース ファイル\Pause</Filter>
    </ClCompile>
    <ClCompile Include="Code\03_GameMainFile\Game\Gimmick\GameBlock_stop.cpp">
      <Filter>ソース ファイル</Filter>
    </ClCompile>
    <ClCompile Include="Code\03_GameMainFile\Game\Goal.cpp">
      <Filter>ソース ファイル</Filter>
    </ClCompile>
    <ClCompile Include="Code\03_GameMainFile\Game\GameBlock.cpp">
      <Filter>ソース ファイル\MainGame.cpp\Game\Block</Filter>
    </ClCompile>
    <ClCompile Include="Code\03_GameMainFile\Game\MoveGameBlock.cpp">
      <Filter>ソース ファイル\MainGame.cpp\Game\Block</Filter>
    </ClCompile>
    <ClCompile Include="Code\03_GameMainFile\Test\TestFloor.cpp">
      <Filter>ソース ファイル\MainGame.cpp\Game\Block</Filter>
    </ClCompile>
    <ClCompile Include="Code\03_GameMainFile\Game\Gimmick\Wall.cpp">
      <Filter>ソース ファイル\MainGame.cpp\Game\Block</Filter>
    </ClCompile>
    <ClCompile Include="Code\03_GameMainFile\Test\TestStageScene_Nakae.cpp">
      <Filter>ソース ファイル\MainGame.cpp\Test</Filter>
    </ClCompile>
    <ClCompile Include="Code\03_GameMainFile\Test\TestWall.cpp">
      <Filter>ソース ファイル\MainGame.cpp\Test</Filter>
    </ClCompile>
    <ClCompile Include="Code\01_Direct3D\textureManager.cpp">
      <Filter>ソース ファイル</Filter>
    </ClCompile>
  </ItemGroup>
  <ItemGroup>
    <ClInclude Include="Code\01_Direct3D\direct3d.h">
      <Filter>ヘッダー ファイル\Basic.h</Filter>
    </ClInclude>
    <ClInclude Include="Code\03_GameMainFile\Application.h">
      <Filter>ヘッダー ファイル\Basic.h</Filter>
    </ClInclude>
    <ClInclude Include="Code\01_Direct3D\Object.h">
      <Filter>ヘッダー ファイル\Basic.h</Filter>
    </ClInclude>
    <ClInclude Include="Code\06_Scene\Scene.h">
      <Filter>ヘッダー ファイル\Scene.h</Filter>
    </ClInclude>
    <ClInclude Include="Code\01_Direct3D\Singleton.h">
      <Filter>ヘッダー ファイル\Basic.h</Filter>
    </ClInclude>
    <ClInclude Include="Code\05_WICTextureLoader\WICTextureLoader.h">
      <Filter>ヘッダー ファイル\Basic.h</Filter>
    </ClInclude>
    <ClInclude Include="Code\03_GameMainFile\Game\GameBackGround.h">
      <Filter>ヘッダー ファイル\MainGame.h\Game</Filter>
    </ClInclude>
    <ClInclude Include="Code\03_GameMainFile\Game\GameCamera.h">
      <Filter>ヘッダー ファイル\MainGame.h\Game</Filter>
    </ClInclude>
    <ClInclude Include="Code\03_GameMainFile\Game\GamePointer.h">
      <Filter>ヘッダー ファイル\MainGame.h\Game</Filter>
    </ClInclude>
    <ClInclude Include="Code\03_GameMainFile\Game\GameScene.h">
      <Filter>ヘッダー ファイル\MainGame.h\Game</Filter>
    </ClInclude>
    <ClInclude Include="Code\03_GameMainFile\Title\TitleScene.h">
      <Filter>ヘッダー ファイル\MainGame.h\Title</Filter>
    </ClInclude>
    <ClInclude Include="Code\03_GameMainFile\Title\TitleBackGround.h">
      <Filter>ヘッダー ファイル\MainGame.h\Title</Filter>
    </ClInclude>
    <ClInclude Include="Code\03_GameMainFile\Title\TitleCamera.h">
      <Filter>ヘッダー ファイル\MainGame.h\Title</Filter>
    </ClInclude>
    <ClInclude Include="Code\07_Camera\Camera.h">
      <Filter>ヘッダー ファイル\Camera</Filter>
    </ClInclude>
    <ClInclude Include="Code\07_Camera\CameraManager.h">
      <Filter>ヘッダー ファイル\Camera</Filter>
    </ClInclude>
    <ClInclude Include="Code\09_Sound\sound.h">
      <Filter>ヘッダー ファイル\Sound</Filter>
    </ClInclude>
    <ClInclude Include="Code\03_GameMainFile\RigidBody.h">
      <Filter>ヘッダー ファイル\MainGame.h</Filter>
    </ClInclude>
    <ClInclude Include="Code\03_GameMainFile\Math.h">
      <Filter>ヘッダー ファイル\MainGame.h</Filter>
    </ClInclude>
    <ClInclude Include="Code\02_Input\input.h">
      <Filter>ヘッダー ファイル\Basic.h</Filter>
    </ClInclude>
    <ClInclude Include="Code\10_Timer\Timer.h">
      <Filter>ヘッダー ファイル\Timer</Filter>
    </ClInclude>
    <ClInclude Include="Code\11_Pause\pause.h">
      <Filter>ヘッダー ファイル\Pause</Filter>
    </ClInclude>
    <ClInclude Include="Code\08_Collider\Base_collision.h">
      <Filter>ヘッダー ファイル</Filter>
    </ClInclude>
    <ClInclude Include="Code\08_Collider\BoxCollider.h">
      <Filter>ヘッダー ファイル</Filter>
    </ClInclude>
    <ClInclude Include="Code\08_Collider\CircleCollider.h">
      <Filter>ヘッダー ファイル</Filter>
    </ClInclude>
    <ClInclude Include="Code\03_GameMainFile\Select\SelectScene.h">
      <Filter>ヘッダー ファイル\MainGame.h\Select</Filter>
    </ClInclude>
    <ClInclude Include="Code\12_CSVMapLoader\CSVMapLoader.h">
      <Filter>ヘッダー ファイル\CSVMapLoader</Filter>
    </ClInclude>
    <ClInclude Include="Code\02_Input\miyoshi_input\ControllerInput.h">
      <Filter>ヘッダー ファイル\Basic.h</Filter>
    </ClInclude>
    <ClInclude Include="Code\03_GameMainFile\Game\Gimmick\Snowman.h">
      <Filter>ヘッダー ファイル</Filter>
    </ClInclude>
    <ClInclude Include="Code\03_GameMainFile\Game\Gimmick\Stone.h">
      <Filter>ヘッダー ファイル</Filter>
    </ClInclude>
    <ClInclude Include="Code\03_GameMainFile\StageSelectScene\StageSelectScene.h">
      <Filter>ヘッダー ファイル\MainGame.h\Select</Filter>
    </ClInclude>
    <ClInclude Include="Code\03_GameMainFile\Title\You_Fade\Fade.h">
      <Filter>ヘッダー ファイル\Basic.h</Filter>
    </ClInclude>
    <ClInclude Include="Code\03_GameMainFile\Title\TitleLogo.h">
      <Filter>ヘッダー ファイル\MainGame.h\Title</Filter>
    </ClInclude>
    <ClInclude Include="Code\03_GameMainFile\Title\TitleBackgroundPAB.h">
      <Filter>ヘッダー ファイル\MainGame.h\Title</Filter>
    </ClInclude>
    <ClInclude Include="Code\13_Effect\FadeEffect.h">
      <Filter>ヘッダー ファイル\Basic.h</Filter>
    </ClInclude>
    <ClInclude Include="Code\03_GameMainFile\Load\LoadBackGround.h">
      <Filter>ヘッダー ファイル\MainGame.h\Load</Filter>
    </ClInclude>
    <ClInclude Include="Code\03_GameMainFile\Load\LoadScene.h">
      <Filter>ヘッダー ファイル\MainGame.h\Load</Filter>
    </ClInclude>
    <ClInclude Include="Code\03_GameMainFile\Select\SelectBackGround.h">
      <Filter>ヘッダー ファイル\MainGame.h\Select</Filter>
    </ClInclude>
    <ClInclude Include="Code\03_GameMainFile\Select\World_UI.h">
      <Filter>ヘッダー ファイル\MainGame.h\Select</Filter>
    </ClInclude>
    <ClInclude Include="Code\03_GameMainFile\Select\Stage1UI.h">
      <Filter>ヘッダー ファイル\MainGame.h\Select</Filter>
    </ClInclude>
    <ClInclude Include="Code\03_GameMainFile\Select\Stage2UI.h">
      <Filter>ヘッダー ファイル\MainGame.h\Select</Filter>
    </ClInclude>
    <ClInclude Include="Code\03_GameMainFile\Select\Stage3UI.h">
      <Filter>ヘッダー ファイル\MainGame.h\Select</Filter>
    </ClInclude>
    <ClInclude Include="Code\03_GameMainFile\Select\Stage4UI.h">
      <Filter>ヘッダー ファイル\MainGame.h\Select</Filter>
    </ClInclude>
    <ClInclude Include="Code\03_GameMainFile\Select\SelectCursorL.h">
      <Filter>ヘッダー ファイル\MainGame.h\Select</Filter>
    </ClInclude>
    <ClInclude Include="Code\03_GameMainFile\Select\SelectPlayer.h">
      <Filter>ヘッダー ファイル\MainGame.h\Select</Filter>
    </ClInclude>
    <ClInclude Include="Code\03_GameMainFile\Select\SelectCursorR.h">
      <Filter>ヘッダー ファイル</Filter>
    </ClInclude>
    <ClInclude Include="Code\03_GameMainFile\Title\TeamLogo.h">
      <Filter>ヘッダー ファイル\MainGame.h\Title</Filter>
    </ClInclude>
    <ClInclude Include="Code\06_Scene\TestSceneNishiguchi.h">
      <Filter>ヘッダー ファイル</Filter>
    </ClInclude>
    <ClInclude Include="Code\03_GameMainFile\Game\Stage1-1Scene.h">
      <Filter>ヘッダー ファイル\MainGame.h\Game</Filter>
    </ClInclude>
    <ClInclude Include="Code\03_GameMainFile\Game\Stage1-2Scene.h">
      <Filter>ヘッダー ファイル\MainGame.h\Game</Filter>
    </ClInclude>
    <ClInclude Include="Code\03_GameMainFile\Game\StageExplanation.h">
      <Filter>ヘッダー ファイル\MainGame.h\Game</Filter>
    </ClInclude>
    <ClInclude Include="Code\01_Direct3D\BackGround.h">
      <Filter>ヘッダー ファイル\Basic.h</Filter>
    </ClInclude>
    <ClInclude Include="Code\03_GameMainFile\Select\SelectTitleBackUI.h">
      <Filter>ヘッダー ファイル\MainGame.h\Select</Filter>
    </ClInclude>
    <ClInclude Include="Code\03_GameMainFile\Load\LoadBackgroundPAB.h">
      <Filter>ヘッダー ファイル\MainGame.h\Load</Filter>
    </ClInclude>
    <ClInclude Include="Code\11_Pause\PauseUI.h">
      <Filter>ヘッダー ファイル\Pause</Filter>
    </ClInclude>
    <ClInclude Include="Code\11_Pause\PauseCursor.h">
      <Filter>ヘッダー ファイル\Pause</Filter>
    </ClInclude>
    <ClInclude Include="Code\03_GameMainFile\Game\PauseBackGround.h">
      <Filter>ヘッダー ファイル\Pause</Filter>
    </ClInclude>
    <ClInclude Include="Code\03_GameMainFile\Game\Gimmick\GameBlock_stop.h">
      <Filter>ヘッダー ファイル</Filter>
    </ClInclude>
    <ClInclude Include="Code\03_GameMainFile\Game\Goal.h">
      <Filter>ヘッダー ファイル</Filter>
    </ClInclude>
    <ClInclude Include="Code\03_GameMainFile\Game\GameBlock.h">
      <Filter>ヘッダー ファイル\MainGame.h\Game\Block</Filter>
    </ClInclude>
    <ClInclude Include="Code\03_GameMainFile\Game\BreakBlock.h">
      <Filter>ヘッダー ファイル\MainGame.h\Game\Block</Filter>
    </ClInclude>
    <ClInclude Include="Code\03_GameMainFile\Game\Gimmick\Wall.h">
      <Filter>ヘッダー ファイル\MainGame.h\Game\Block</Filter>
    </ClInclude>
    <ClInclude Include="Code\03_GameMainFile\Game\Gimmick\Floor.h">
      <Filter>ヘッダー ファイル\MainGame.h\Game\Block</Filter>
    </ClInclude>
    <ClInclude Include="Code\03_GameMainFile\Test\TestPointer.h">
      <Filter>ヘッダー ファイル\MainGame.h\Test</Filter>
    </ClInclude>
    <ClInclude Include="Code\03_GameMainFile\Test\TestFloor.h">
      <Filter>ヘッダー ファイル\MainGame.h\Test</Filter>
    </ClInclude>
    <ClInclude Include="Code\03_GameMainFile\Test\TestScene_You.h">
      <Filter>ヘッダー ファイル\MainGame.h\Test</Filter>
    </ClInclude>
    <ClInclude Include="Code\03_GameMainFile\Test\TestStageScene_Nakae.h">
      <Filter>ヘッダー ファイル\MainGame.h\Test</Filter>
    </ClInclude>
    <ClInclude Include="Code\03_GameMainFile\Test\TestWall.h">
      <Filter>ヘッダー ファイル\MainGame.h\Test</Filter>
    </ClInclude>
    <ClInclude Include="Code\03_GameMainFile\Game\MoveGameBlock.h">
      <Filter>ヘッダー ファイル\MainGame.h\Game\Block</Filter>
    </ClInclude>
    <ClInclude Include="Code\01_Direct3D\textureManager.h">
      <Filter>ヘッダー ファイル</Filter>
    </ClInclude>
  </ItemGroup>
  <ItemGroup>
    <FxCompile Include="Code\04_hlsl\PixelShader.hlsl">
      <Filter>リソース ファイル</Filter>
    </FxCompile>
    <FxCompile Include="Code\04_hlsl\VertexShader.hlsl">
      <Filter>リソース ファイル</Filter>
    </FxCompile>
  </ItemGroup>
</Project>