<?xml version="1.0" encoding="utf-8"?>
<Project ToolsVersion="4.0" xmlns="http://schemas.microsoft.com/developer/msbuild/2003">
  <ItemGroup>
    <Filter Include="ソース ファイル">
      <UniqueIdentifier>{4FC737F1-C7A5-4376-A066-2A32D752A2FF}</UniqueIdentifier>
      <Extensions>cpp;c;cc;cxx;c++;cppm;ixx;def;odl;idl;hpj;bat;asm;asmx</Extensions>
    </Filter>
    <Filter Include="ヘッダー ファイル">
      <UniqueIdentifier>{93995380-89BD-4b04-88EB-625FBE52EBFB}</UniqueIdentifier>
      <Extensions>h;hh;hpp;hxx;h++;hm;inl;inc;ipp;xsd</Extensions>
    </Filter>
    <Filter Include="リソース ファイル">
      <UniqueIdentifier>{67DA6AB6-F800-4c08-8B7A-83BB121AAD01}</UniqueIdentifier>
      <Extensions>rc;ico;cur;bmp;dlg;rc2;rct;bin;rgs;gif;jpg;jpeg;jpe;resx;tiff;tif;png;wav;mfcribbon-ms</Extensions>
    </Filter>
    <Filter Include="ソース ファイル\MainGame.cpp">
      <UniqueIdentifier>{096e48dc-a384-4d80-aa23-7ea34bbd26f8}</UniqueIdentifier>
    </Filter>
    <Filter Include="ソース ファイル\Basic.cpp">
      <UniqueIdentifier>{82ffaf71-7444-42f2-8305-8f42941c71a8}</UniqueIdentifier>
    </Filter>
    <Filter Include="ソース ファイル\Scene.cpp">
      <UniqueIdentifier>{13d1d8fe-b9a1-4d9c-b872-8ec553488ed2}</UniqueIdentifier>
    </Filter>
    <Filter Include="ヘッダー ファイル\Basic.h">
      <UniqueIdentifier>{f709e651-28d3-43b5-8e2f-d33be1852fb2}</UniqueIdentifier>
    </Filter>
    <Filter Include="ヘッダー ファイル\MainGame.h">
      <UniqueIdentifier>{b44f3b4c-fb70-4424-ac5b-6cb37bf2277d}</UniqueIdentifier>
    </Filter>
    <Filter Include="ヘッダー ファイル\Scene.h">
      <UniqueIdentifier>{b6804d38-88b4-4d34-a5c0-6e4a4223a6a3}</UniqueIdentifier>
    </Filter>
    <Filter Include="ソース ファイル\MainGame.cpp\Title">
      <UniqueIdentifier>{a3c9e030-90b9-4d2a-b79f-cbbade18e216}</UniqueIdentifier>
    </Filter>
    <Filter Include="ソース ファイル\MainGame.cpp\Game">
      <UniqueIdentifier>{de2d2c82-1ea9-4c53-910b-fb316e37dfb5}</UniqueIdentifier>
    </Filter>
    <Filter Include="ソース ファイル\説明用">
      <UniqueIdentifier>{7de196b9-552e-4b9a-8035-80987cdfebd3}</UniqueIdentifier>
    </Filter>
    <Filter Include="ヘッダー ファイル\MainGame.h\Title">
      <UniqueIdentifier>{438e96cb-baf1-4392-9e8e-28545da49e82}</UniqueIdentifier>
    </Filter>
    <Filter Include="ヘッダー ファイル\MainGame.h\Game">
      <UniqueIdentifier>{340d328d-d4f8-4390-bbd8-95fc9b005f88}</UniqueIdentifier>
    </Filter>
    <Filter Include="ヘッダー ファイル\Camera">
      <UniqueIdentifier>{607e85af-b4d9-4019-85a9-8298b47fe5bd}</UniqueIdentifier>
    </Filter>
    <Filter Include="ソース ファイル\Camera">
      <UniqueIdentifier>{659835f4-3f12-4a46-89c1-ee7fa7cbbd7c}</UniqueIdentifier>
    </Filter>
  </ItemGroup>
  <ItemGroup>
    <ClCompile Include="Code\06_Scene\Scene.cpp">
      <Filter>ソース ファイル\Scene.cpp</Filter>
    </ClCompile>
    <ClCompile Include="Code\06_Scene\SceneManager.cpp">
      <Filter>ソース ファイル\Scene.cpp</Filter>
    </ClCompile>
    <ClCompile Include="Code\01_Direct3D\direct3d.cpp">
      <Filter>ソース ファイル\Basic.cpp</Filter>
    </ClCompile>
    <ClCompile Include="Code\03_GameMainFile\Application.cpp">
      <Filter>ソース ファイル\Basic.cpp</Filter>
    </ClCompile>
    <ClCompile Include="Code\03_GameMainFile\main.cpp">
      <Filter>ソース ファイル\Basic.cpp</Filter>
    </ClCompile>
    <ClCompile Include="Code\02_Input\input.cpp">
      <Filter>ソース ファイル\Basic.cpp</Filter>
    </ClCompile>
    <ClCompile Include="Code\01_Direct3D\Object.cpp">
      <Filter>ソース ファイル\Basic.cpp</Filter>
    </ClCompile>
    <ClCompile Include="Code\05_WICTextureLoader\WICTextureLoader.cpp">
      <Filter>ソース ファイル\Basic.cpp</Filter>
    </ClCompile>
    <ClCompile Include="Code\ReadMeText.cpp">
      <Filter>ソース ファイル\説明用</Filter>
    </ClCompile>
    <ClCompile Include="Code\03_GameMainFile\Title\TitleScene.cpp">
      <Filter>ソース ファイル\MainGame.cpp\Title</Filter>
    </ClCompile>
    <ClCompile Include="Code\03_GameMainFile\Game\GameScene.cpp">
      <Filter>ソース ファイル\MainGame.cpp\Game</Filter>
    </ClCompile>
    <ClCompile Include="Code\03_GameMainFile\Game\GameBackGround.cpp">
      <Filter>ソース ファイル\MainGame.cpp\Game</Filter>
    </ClCompile>
    <ClCompile Include="Code\03_GameMainFile\Game\GameBlock.cpp">
      <Filter>ソース ファイル\MainGame.cpp\Game</Filter>
    </ClCompile>
    <ClCompile Include="Code\03_GameMainFile\Game\GameCamera.cpp">
      <Filter>ソース ファイル\MainGame.cpp\Game</Filter>
    </ClCompile>
    <ClCompile Include="Code\03_GameMainFile\Game\GamePointer.cpp">
      <Filter>ソース ファイル\MainGame.cpp\Game</Filter>
    </ClCompile>
    <ClCompile Include="Code\03_GameMainFile\Title\TitleBackGround.cpp">
      <Filter>ソース ファイル\MainGame.cpp\Title</Filter>
    </ClCompile>
    <ClCompile Include="Code\03_GameMainFile\Title\TitleCamera.cpp">
      <Filter>ソース ファイル\MainGame.cpp\Title</Filter>
    </ClCompile>
    <ClCompile Include="Code\07_Camera\Camera.cpp">
      <Filter>ソース ファイル\Camera</Filter>
    </ClCompile>
    <ClCompile Include="Code\07_Camera\CameraManager.cpp">
      <Filter>ソース ファイル\Camera</Filter>
    </ClCompile>
  </ItemGroup>
  <ItemGroup>
    <ClInclude Include="Code\01_Direct3D\direct3d.h">
      <Filter>ヘッダー ファイル\Basic.h</Filter>
    </ClInclude>
    <ClInclude Include="Code\03_GameMainFile\Application.h">
      <Filter>ヘッダー ファイル\Basic.h</Filter>
    </ClInclude>
    <ClInclude Include="Code\02_Input\input.h">
      <Filter>ヘッダー ファイル\Basic.h</Filter>
    </ClInclude>
    <ClInclude Include="Code\01_Direct3D\Object.h">
      <Filter>ヘッダー ファイル\Basic.h</Filter>
    </ClInclude>
    <ClInclude Include="Code\06_Scene\Scene.h">
      <Filter>ヘッダー ファイル\Scene.h</Filter>
    </ClInclude>
    <ClInclude Include="Code\06_Scene\SceneManager.h">
      <Filter>ヘッダー ファイル\Scene.h</Filter>
    </ClInclude>
    <ClInclude Include="Code\01_Direct3D\Singleton.h">
      <Filter>ヘッダー ファイル\Basic.h</Filter>
    </ClInclude>
    <ClInclude Include="Code\05_WICTextureLoader\WICTextureLoader.h">
      <Filter>ヘッダー ファイル\Basic.h</Filter>
    </ClInclude>
    <ClInclude Include="Code\03_GameMainFile\Game\GameBackGround.h">
      <Filter>ヘッダー ファイル\MainGame.h\Game</Filter>
    </ClInclude>
    <ClInclude Include="Code\03_GameMainFile\Game\GameBlock.h">
      <Filter>ヘッダー ファイル\MainGame.h\Game</Filter>
    </ClInclude>
    <ClInclude Include="Code\03_GameMainFile\Game\GameCamera.h">
      <Filter>ヘッダー ファイル\MainGame.h\Game</Filter>
    </ClInclude>
    <ClInclude Include="Code\03_GameMainFile\Game\GamePointer.h">
      <Filter>ヘッダー ファイル\MainGame.h\Game</Filter>
    </ClInclude>
    <ClInclude Include="Code\03_GameMainFile\Game\GameScene.h">
      <Filter>ヘッダー ファイル\MainGame.h\Game</Filter>
    </ClInclude>
    <ClInclude Include="Code\03_GameMainFile\Title\TitleScene.h">
      <Filter>ヘッダー ファイル\MainGame.h\Title</Filter>
    </ClInclude>
    <ClInclude Include="Code\03_GameMainFile\Title\TitleBackGround.h">
      <Filter>ヘッダー ファイル\MainGame.h\Title</Filter>
    </ClInclude>
    <ClInclude Include="Code\03_GameMainFile\Title\TitleCamera.h">
      <Filter>ヘッダー ファイル\MainGame.h\Title</Filter>
    </ClInclude>
    <ClInclude Include="Code\07_Camera\Camera.h">
      <Filter>ヘッダー ファイル\Camera</Filter>
    </ClInclude>
    <ClInclude Include="Code\07_Camera\CameraManager.h">
      <Filter>ヘッダー ファイル\Camera</Filter>
    </ClInclude>
  </ItemGroup>
  <ItemGroup>
    <FxCompile Include="Code\04_hlsl\PixelShader.hlsl">
      <Filter>リソース ファイル</Filter>
    </FxCompile>
    <FxCompile Include="Code\04_hlsl\VertexShader.hlsl">
      <Filter>リソース ファイル</Filter>
    </FxCompile>
  </ItemGroup>
</Project>